{
  "nodes": {
    "hardware": {
      "locked": {
        "lastModified": 1690704397,
        "narHash": "sha256-sgIWjcz0e+x87xlKg324VtHgH55J5rIuFF0ZWRDvQoE=",
        "owner": "nixos",
        "repo": "nixos-hardware",
        "rev": "96e5a0a0e8568c998135ea05575a9ed2c87f5492",
        "type": "github"
      },
      "original": {
        "owner": "nixos",
        "repo": "nixos-hardware",
        "type": "github"
      }
    },
    "home-manager": {
      "inputs": {
        "nixpkgs": [
          "nixpkgs"
        ]
      },
      "locked": {
        "lastModified": 1690982105,
        "narHash": "sha256-32AzoLuwhtxBItcULRiCnxRfJcbVXbPZSH9TDVg21mU=",
        "owner": "nix-community",
        "repo": "home-manager",
        "rev": "b2ac1d2c32ac11b8d231d23622cdc4b2f28d07d2",
        "type": "github"
      },
      "original": {
        "owner": "nix-community",
        "repo": "home-manager",
        "type": "github"
      }
    },
    "nixpkgs": {
      "locked": {
        "lastModified": 1690881714,
        "narHash": "sha256-h/nXluEqdiQHs1oSgkOOWF+j8gcJMWhwnZ9PFabN6q0=",
        "owner": "nixos",
        "repo": "nixpkgs",
        "rev": "9e1960bc196baf6881340d53dccb203a951745a2",
        "type": "github"
      },
      "original": {
        "owner": "nixos",
        "ref": "nixos-unstable",
        "repo": "nixpkgs",
        "type": "github"
      }
    },
    "root": {
      "inputs": {
        "hardware": "hardware",
        "home-manager": "home-manager",
        "nixpkgs": "nixpkgs"
      }
    }
  },
  "root": "root",
  "version": 7
}
